
Microsoft Visual Studio Solution File, Format Version 12.00
# Visual Studio Version 17
VisualStudioVersion = 17.2.32630.192
MinimumVisualStudioVersion = 15.0.26124.0
Project("{2150E333-8FDC-42A3-9474-1A3956D46DE8}") = "src", "src", "{A8B6CB3B-7406-4674-8939-AB53266CC400}"
EndProject
Project("{9A19103F-16F7-4668-BE54-9A1E7A4F7556}") = "OpenIdConnect.WebApp", "src\OpenIdConnect.WebApp\OpenIdConnect.WebApp.csproj", "{1BEE9690-4F19-41E4-8EEE-26FBA6CAFA8A}"
EndProject
Project("{9A19103F-16F7-4668-BE54-9A1E7A4F7556}") = "AadClaimsViewer", "src\AadClaimsViewer\AadClaimsViewer.csproj", "{0EBD2C72-7F1B-42DD-B3D7-43696723B1AC}"
EndProject
Project("{FAE04EC0-301F-11D3-BF4B-00C04F79EFBC}") = "EasyAuth.WebApp", "src\EasyAuth.WebApp\EasyAuth.WebApp.csproj", "{A43187FA-8D5A-49C3-8FCC-EBEB0C250E83}"
EndProject
Global
	GlobalSection(SolutionConfigurationPlatforms) = preSolution
		Debug|Any CPU = Debug|Any CPU
		Debug|x64 = Debug|x64
		Debug|x86 = Debug|x86
		Release|Any CPU = Release|Any CPU
		Release|x64 = Release|x64
		Release|x86 = Release|x86
	EndGlobalSection
	GlobalSection(ProjectConfigurationPlatforms) = postSolution
		{1BEE9690-4F19-41E4-8EEE-26FBA6CAFA8A}.Debug|Any CPU.ActiveCfg = Debug|Any CPU
		{1BEE9690-4F19-41E4-8EEE-26FBA6CAFA8A}.Debug|Any CPU.Build.0 = Debug|Any CPU
		{1BEE9690-4F19-41E4-8EEE-26FBA6CAFA8A}.Debug|x64.ActiveCfg = Debug|Any CPU
		{1BEE9690-4F19-41E4-8EEE-26FBA6CAFA8A}.Debug|x64.Build.0 = Debug|Any CPU
		{1BEE9690-4F19-41E4-8EEE-26FBA6CAFA8A}.Debug|x86.ActiveCfg = Debug|Any CPU
		{1BEE9690-4F19-41E4-8EEE-26FBA6CAFA8A}.Debug|x86.Build.0 = Debug|Any CPU
		{1BEE9690-4F19-41E4-8EEE-26FBA6CAFA8A}.Release|Any CPU.ActiveCfg = Release|Any CPU
		{1BEE9690-4F19-41E4-8EEE-26FBA6CAFA8A}.Release|Any CPU.Build.0 = Release|Any CPU
		{1BEE9690-4F19-41E4-8EEE-26FBA6CAFA8A}.Release|x64.ActiveCfg = Release|Any CPU
		{1BEE9690-4F19-41E4-8EEE-26FBA6CAFA8A}.Release|x64.Build.0 = Release|Any CPU
		{1BEE9690-4F19-41E4-8EEE-26FBA6CAFA8A}.Release|x86.ActiveCfg = Release|Any CPU
		{1BEE9690-4F19-41E4-8EEE-26FBA6CAFA8A}.Release|x86.Build.0 = Release|Any CPU
		{0EBD2C72-7F1B-42DD-B3D7-43696723B1AC}.Debug|Any CPU.ActiveCfg = Debug|Any CPU
		{0EBD2C72-7F1B-42DD-B3D7-43696723B1AC}.Debug|Any CPU.Build.0 = Debug|Any CPU
		{0EBD2C72-7F1B-42DD-B3D7-43696723B1AC}.Debug|x64.ActiveCfg = Debug|Any CPU
		{0EBD2C72-7F1B-42DD-B3D7-43696723B1AC}.Debug|x64.Build.0 = Debug|Any CPU
		{0EBD2C72-7F1B-42DD-B3D7-43696723B1AC}.Debug|x86.ActiveCfg = Debug|Any CPU
		{0EBD2C72-7F1B-42DD-B3D7-43696723B1AC}.Debug|x86.Build.0 = Debug|Any CPU
		{0EBD2C72-7F1B-42DD-B3D7-43696723B1AC}.Release|Any CPU.ActiveCfg = Release|Any CPU
		{0EBD2C72-7F1B-42DD-B3D7-43696723B1AC}.Release|Any CPU.Build.0 = Release|Any CPU
		{0EBD2C72-7F1B-42DD-B3D7-43696723B1AC}.Release|x64.ActiveCfg = Release|Any CPU
		{0EBD2C72-7F1B-42DD-B3D7-43696723B1AC}.Release|x64.Build.0 = Release|Any CPU
		{0EBD2C72-7F1B-42DD-B3D7-43696723B1AC}.Release|x86.ActiveCfg = Release|Any CPU
		{0EBD2C72-7F1B-42DD-B3D7-43696723B1AC}.Release|x86.Build.0 = Release|Any CPU
		{A43187FA-8D5A-49C3-8FCC-EBEB0C250E83}.Debug|Any CPU.ActiveCfg = Debug|Any CPU
		{A43187FA-8D5A-49C3-8FCC-EBEB0C250E83}.Debug|Any CPU.Build.0 = Debug|Any CPU
		{A43187FA-8D5A-49C3-8FCC-EBEB0C250E83}.Debug|x64.ActiveCfg = Debug|Any CPU
		{A43187FA-8D5A-49C3-8FCC-EBEB0C250E83}.Debug|x64.Build.0 = Debug|Any CPU
		{A43187FA-8D5A-49C3-8FCC-EBEB0C250E83}.Debug|x86.ActiveCfg = Debug|Any CPU
		{A43187FA-8D5A-49C3-8FCC-EBEB0C250E83}.Debug|x86.Build.0 = Debug|Any CPU
		{A43187FA-8D5A-49C3-8FCC-EBEB0C250E83}.Release|Any CPU.ActiveCfg = Release|Any CPU
		{A43187FA-8D5A-49C3-8FCC-EBEB0C250E83}.Release|Any CPU.Build.0 = Release|Any CPU
		{A43187FA-8D5A-49C3-8FCC-EBEB0C250E83}.Release|x64.ActiveCfg = Release|Any CPU
		{A43187FA-8D5A-49C3-8FCC-EBEB0C250E83}.Release|x64.Build.0 = Release|Any CPU
		{A43187FA-8D5A-49C3-8FCC-EBEB0C250E83}.Release|x86.ActiveCfg = Release|Any CPU
		{A43187FA-8D5A-49C3-8FCC-EBEB0C250E83}.Release|x86.Build.0 = Release|Any CPU
	EndGlobalSection
	GlobalSection(SolutionProperties) = preSolution
		HideSolutionNode = FALSE
	EndGlobalSection
	GlobalSection(NestedProjects) = preSolution
		{1BEE9690-4F19-41E4-8EEE-26FBA6CAFA8A} = {A8B6CB3B-7406-4674-8939-AB53266CC400}
		{0EBD2C72-7F1B-42DD-B3D7-43696723B1AC} = {A8B6CB3B-7406-4674-8939-AB53266CC400}
		{A43187FA-8D5A-49C3-8FCC-EBEB0C250E83} = {A8B6CB3B-7406-4674-8939-AB53266CC400}
	EndGlobalSection
	GlobalSection(ExtensibilityGlobals) = postSolution
		SolutionGuid = {70091A12-43D4-4F4F-9A6E-FAA336838244}
	EndGlobalSection
EndGlobal
